// !$*UTF8*$!
{
	archiveVersion = 1;
	classes = {
	};
	objectVersion = 46;
	objects = {

/* Begin PBXBuildFile section */
		8D2A625A1A8821020031FD2F /* GameLogic.swift in Sources */ = {isa = PBXBuildFile; fileRef = 8D2A62591A8821020031FD2F /* GameLogic.swift */; };
		8DA2EA511A90695400EE6E80 /* blueGhost.wav in Resources */ = {isa = PBXBuildFile; fileRef = 8DA2EA4E1A90695400EE6E80 /* blueGhost.wav */; };
		8DA2EA521A90695400EE6E80 /* gameIntroMusic.wav in Resources */ = {isa = PBXBuildFile; fileRef = 8DA2EA4F1A90695400EE6E80 /* gameIntroMusic.wav */; };
		8DA2EA531A90695400EE6E80 /* redGhost.wav in Resources */ = {isa = PBXBuildFile; fileRef = 8DA2EA501A90695400EE6E80 /* redGhost.wav */; };
		8DA2EA551A906C3000EE6E80 /* AudioToolbox.framework in Frameworks */ = {isa = PBXBuildFile; fileRef = 8DA2EA541A906C3000EE6E80 /* AudioToolbox.framework */; };
		8DA2EA571A906EA700EE6E80 /* AVFoundation.framework in Frameworks */ = {isa = PBXBuildFile; fileRef = 8DA2EA561A906EA700EE6E80 /* AVFoundation.framework */; };
		8DBACCBC1A8829F8005AC970 /* InstructionsViewController.swift in Sources */ = {isa = PBXBuildFile; fileRef = 8DBACCBB1A8829F8005AC970 /* InstructionsViewController.swift */; };
		8DBACCC01A887528005AC970 /* MainMenuViewController.swift in Sources */ = {isa = PBXBuildFile; fileRef = 8DBACCBF1A887528005AC970 /* MainMenuViewController.swift */; };
		8DBE6E3A1A8C8A920099F00D /* GameConstants.swift in Sources */ = {isa = PBXBuildFile; fileRef = 8DBE6E391A8C8A920099F00D /* GameConstants.swift */; };
		8DF883641A8415B40070D993 /* AppDelegate.swift in Sources */ = {isa = PBXBuildFile; fileRef = 8DF883631A8415B40070D993 /* AppDelegate.swift */; };
		8DF883661A8415B40070D993 /* GameScene.sks in Resources */ = {isa = PBXBuildFile; fileRef = 8DF883651A8415B40070D993 /* GameScene.sks */; };
		8DF883681A8415B40070D993 /* GameScene.swift in Sources */ = {isa = PBXBuildFile; fileRef = 8DF883671A8415B40070D993 /* GameScene.swift */; };
		8DF8836A1A8415B40070D993 /* GameViewController.swift in Sources */ = {isa = PBXBuildFile; fileRef = 8DF883691A8415B40070D993 /* GameViewController.swift */; };
		8DF8836D1A8415B40070D993 /* Main.storyboard in Resources */ = {isa = PBXBuildFile; fileRef = 8DF8836B1A8415B40070D993 /* Main.storyboard */; };
		8DF8836F1A8415B40070D993 /* Images.xcassets in Resources */ = {isa = PBXBuildFile; fileRef = 8DF8836E1A8415B40070D993 /* Images.xcassets */; };
		8DF883721A8415B40070D993 /* LaunchScreen.xib in Resources */ = {isa = PBXBuildFile; fileRef = 8DF883701A8415B40070D993 /* LaunchScreen.xib */; };
		8DF8837E1A8415B40070D993 /* Ghost_SortTests.swift in Sources */ = {isa = PBXBuildFile; fileRef = 8DF8837D1A8415B40070D993 /* Ghost_SortTests.swift */; };
/* End PBXBuildFile section */

/* Begin PBXContainerItemProxy section */
		8DF883781A8415B40070D993 /* PBXContainerItemProxy */ = {
			isa = PBXContainerItemProxy;
			containerPortal = 8DF883561A8415B40070D993 /* Project object */;
			proxyType = 1;
			remoteGlobalIDString = 8DF8835D1A8415B40070D993;
			remoteInfo = "Ghost Sort";
		};
/* End PBXContainerItemProxy section */

/* Begin PBXFileReference section */
		8D2A62591A8821020031FD2F /* GameLogic.swift */ = {isa = PBXFileReference; fileEncoding = 4; lastKnownFileType = sourcecode.swift; path = GameLogic.swift; sourceTree = "<group>"; };
		8DA2EA4E1A90695400EE6E80 /* blueGhost.wav */ = {isa = PBXFileReference; lastKnownFileType = audio.wav; path = blueGhost.wav; sourceTree = "<group>"; };
		8DA2EA4F1A90695400EE6E80 /* gameIntroMusic.wav */ = {isa = PBXFileReference; lastKnownFileType = audio.wav; path = gameIntroMusic.wav; sourceTree = "<group>"; };
		8DA2EA501A90695400EE6E80 /* redGhost.wav */ = {isa = PBXFileReference; lastKnownFileType = audio.wav; path = redGhost.wav; sourceTree = "<group>"; };
		8DA2EA541A906C3000EE6E80 /* AudioToolbox.framework */ = {isa = PBXFileReference; lastKnownFileType = wrapper.framework; name = AudioToolbox.framework; path = System/Library/Frameworks/AudioToolbox.framework; sourceTree = SDKROOT; };
		8DA2EA561A906EA700EE6E80 /* AVFoundation.framework */ = {isa = PBXFileReference; lastKnownFileType = wrapper.framework; name = AVFoundation.framework; path = System/Library/Frameworks/AVFoundation.framework; sourceTree = SDKROOT; };
		8DBACCBB1A8829F8005AC970 /* InstructionsViewController.swift */ = {isa = PBXFileReference; fileEncoding = 4; lastKnownFileType = sourcecode.swift; path = InstructionsViewController.swift; sourceTree = "<group>"; };
		8DBACCBF1A887528005AC970 /* MainMenuViewController.swift */ = {isa = PBXFileReference; fileEncoding = 4; lastKnownFileType = sourcecode.swift; path = MainMenuViewController.swift; sourceTree = "<group>"; };
		8DBE6E391A8C8A920099F00D /* GameConstants.swift */ = {isa = PBXFileReference; fileEncoding = 4; lastKnownFileType = sourcecode.swift; path = GameConstants.swift; sourceTree = "<group>"; };
		8DF8835E1A8415B40070D993 /* Ghost Sort.app */ = {isa = PBXFileReference; explicitFileType = wrapper.application; includeInIndex = 0; path = "Ghost Sort.app"; sourceTree = BUILT_PRODUCTS_DIR; };
		8DF883621A8415B40070D993 /* Info.plist */ = {isa = PBXFileReference; lastKnownFileType = text.plist.xml; path = Info.plist; sourceTree = "<group>"; };
		8DF883631A8415B40070D993 /* AppDelegate.swift */ = {isa = PBXFileReference; lastKnownFileType = sourcecode.swift; path = AppDelegate.swift; sourceTree = "<group>"; };
		8DF883651A8415B40070D993 /* GameScene.sks */ = {isa = PBXFileReference; lastKnownFileType = file.sks; path = GameScene.sks; sourceTree = "<group>"; };
		8DF883671A8415B40070D993 /* GameScene.swift */ = {isa = PBXFileReference; lastKnownFileType = sourcecode.swift; path = GameScene.swift; sourceTree = "<group>"; };
		8DF883691A8415B40070D993 /* GameViewController.swift */ = {isa = PBXFileReference; lastKnownFileType = sourcecode.swift; path = GameViewController.swift; sourceTree = "<group>"; };
		8DF8836C1A8415B40070D993 /* Base */ = {isa = PBXFileReference; lastKnownFileType = file.storyboard; name = Base; path = Base.lproj/Main.storyboard; sourceTree = "<group>"; };
		8DF8836E1A8415B40070D993 /* Images.xcassets */ = {isa = PBXFileReference; lastKnownFileType = folder.assetcatalog; path = Images.xcassets; sourceTree = "<group>"; };
		8DF883711A8415B40070D993 /* Base */ = {isa = PBXFileReference; lastKnownFileType = file.xib; name = Base; path = Base.lproj/LaunchScreen.xib; sourceTree = "<group>"; };
		8DF883771A8415B40070D993 /* Ghost SortTests.xctest */ = {isa = PBXFileReference; explicitFileType = wrapper.cfbundle; includeInIndex = 0; path = "Ghost SortTests.xctest"; sourceTree = BUILT_PRODUCTS_DIR; };
		8DF8837C1A8415B40070D993 /* Info.plist */ = {isa = PBXFileReference; lastKnownFileType = text.plist.xml; path = Info.plist; sourceTree = "<group>"; };
		8DF8837D1A8415B40070D993 /* Ghost_SortTests.swift */ = {isa = PBXFileReference; lastKnownFileType = sourcecode.swift; path = Ghost_SortTests.swift; sourceTree = "<group>"; };
/* End PBXFileReference section */

/* Begin PBXFrameworksBuildPhase section */
		8DF8835B1A8415B40070D993 /* Frameworks */ = {
			isa = PBXFrameworksBuildPhase;
			buildActionMask = 2147483647;
			files = (
				8DA2EA571A906EA700EE6E80 /* AVFoundation.framework in Frameworks */,
				8DA2EA551A906C3000EE6E80 /* AudioToolbox.framework in Frameworks */,
			);
			runOnlyForDeploymentPostprocessing = 0;
		};
		8DF883741A8415B40070D993 /* Frameworks */ = {
			isa = PBXFrameworksBuildPhase;
			buildActionMask = 2147483647;
			files = (
			);
			runOnlyForDeploymentPostprocessing = 0;
		};
/* End PBXFrameworksBuildPhase section */

/* Begin PBXGroup section */
		8DBACCBD1A8874E8005AC970 /* Scene */ = {
			isa = PBXGroup;
			children = (
				8DF883651A8415B40070D993 /* GameScene.sks */,
				8DF883671A8415B40070D993 /* GameScene.swift */,
			);
			name = Scene;
			path = "Ghost Sort";
			sourceTree = "<group>";
		};
		8DBACCBE1A8874F4005AC970 /* Model */ = {
			isa = PBXGroup;
			children = (
				8D2A62591A8821020031FD2F /* GameLogic.swift */,
				8DBE6E391A8C8A920099F00D /* GameConstants.swift */,
			);
			name = Model;
			path = "Ghost Sort";
			sourceTree = "<group>";
		};
		8DF883551A8415B40070D993 = {
			isa = PBXGroup;
			children = (
				8DF8836B1A8415B40070D993 /* Main.storyboard */,
				8DBACCBD1A8874E8005AC970 /* Scene */,
				8DBACCBE1A8874F4005AC970 /* Model */,
				8DF883601A8415B40070D993 /* Ghost Sort */,
				8DF8837A1A8415B40070D993 /* Ghost SortTests */,
				8DF8835F1A8415B40070D993 /* Products */,
			);
			sourceTree = "<group>";
		};
		8DF8835F1A8415B40070D993 /* Products */ = {
			isa = PBXGroup;
			children = (
				8DF8835E1A8415B40070D993 /* Ghost Sort.app */,
				8DF883771A8415B40070D993 /* Ghost SortTests.xctest */,
			);
			name = Products;
			sourceTree = "<group>";
		};
		8DF883601A8415B40070D993 /* Ghost Sort */ = {
			isa = PBXGroup;
			children = (
				8DF883691A8415B40070D993 /* GameViewController.swift */,
				8DBACCBB1A8829F8005AC970 /* InstructionsViewController.swift */,
				8DBACCBF1A887528005AC970 /* MainMenuViewController.swift */,
				8DF883611A8415B40070D993 /* Supporting Files */,
			);
			path = "Ghost Sort";
			sourceTree = "<group>";
		};
		8DF883611A8415B40070D993 /* Supporting Files */ = {
			isa = PBXGroup;
			children = (
				8DF883701A8415B40070D993 /* LaunchScreen.xib */,
				8DF8836E1A8415B40070D993 /* Images.xcassets */,
				8DF883631A8415B40070D993 /* AppDelegate.swift */,
				8DF883621A8415B40070D993 /* Info.plist */,
				8DA2EA4E1A90695400EE6E80 /* blueGhost.wav */,
				8DA2EA4F1A90695400EE6E80 /* gameIntroMusic.wav */,
				8DA2EA501A90695400EE6E80 /* redGhost.wav */,
			);
			name = "Supporting Files";
			sourceTree = "<group>";
		};
		8DF8837A1A8415B40070D993 /* Ghost SortTests */ = {
			isa = PBXGroup;
			children = (
				8DF8837D1A8415B40070D993 /* Ghost_SortTests.swift */,
				8DF8837B1A8415B40070D993 /* Supporting Files */,
			);
			path = "Ghost SortTests";
			sourceTree = "<group>";
		};
		8DF8837B1A8415B40070D993 /* Supporting Files */ = {
			isa = PBXGroup;
			children = (
				8DA2EA561A906EA700EE6E80 /* AVFoundation.framework */,
				8DA2EA541A906C3000EE6E80 /* AudioToolbox.framework */,
				8DF8837C1A8415B40070D993 /* Info.plist */,
			);
			name = "Supporting Files";
			sourceTree = "<group>";
		};
/* End PBXGroup section */

/* Begin PBXNativeTarget section */
		8DF8835D1A8415B40070D993 /* Ghost Sort */ = {
			isa = PBXNativeTarget;
			buildConfigurationList = 8DF883811A8415B40070D993 /* Build configuration list for PBXNativeTarget "Ghost Sort" */;
			buildPhases = (
				8DF8835A1A8415B40070D993 /* Sources */,
				8DF8835B1A8415B40070D993 /* Frameworks */,
				8DF8835C1A8415B40070D993 /* Resources */,
			);
			buildRules = (
			);
			dependencies = (
			);
			name = "Ghost Sort";
			productName = "Ghost Sort";
			productReference = 8DF8835E1A8415B40070D993 /* Ghost Sort.app */;
			productType = "com.apple.product-type.application";
		};
		8DF883761A8415B40070D993 /* Ghost SortTests */ = {
			isa = PBXNativeTarget;
			buildConfigurationList = 8DF883841A8415B40070D993 /* Build configuration list for PBXNativeTarget "Ghost SortTests" */;
			buildPhases = (
				8DF883731A8415B40070D993 /* Sources */,
				8DF883741A8415B40070D993 /* Frameworks */,
				8DF883751A8415B40070D993 /* Resources */,
			);
			buildRules = (
			);
			dependencies = (
				8DF883791A8415B40070D993 /* PBXTargetDependency */,
			);
			name = "Ghost SortTests";
			productName = "Ghost SortTests";
			productReference = 8DF883771A8415B40070D993 /* Ghost SortTests.xctest */;
			productType = "com.apple.product-type.bundle.unit-test";
		};
/* End PBXNativeTarget section */

/* Begin PBXProject section */
		8DF883561A8415B40070D993 /* Project object */ = {
			isa = PBXProject;
			attributes = {
				LastUpgradeCheck = 0610;
				ORGANIZATIONNAME = "Joshua Alvarado";
				TargetAttributes = {
					8DF8835D1A8415B40070D993 = {
						CreatedOnToolsVersion = 6.1.1;
					};
					8DF883761A8415B40070D993 = {
						CreatedOnToolsVersion = 6.1.1;
						TestTargetID = 8DF8835D1A8415B40070D993;
					};
				};
			};
			buildConfigurationList = 8DF883591A8415B40070D993 /* Build configuration list for PBXProject "Ghost Sort" */;
			compatibilityVersion = "Xcode 3.2";
			developmentRegion = English;
			hasScannedForEncodings = 0;
			knownRegions = (
				en,
				Base,
			);
			mainGroup = 8DF883551A8415B40070D993;
			productRefGroup = 8DF8835F1A8415B40070D993 /* Products */;
			projectDirPath = "";
			projectRoot = "";
			targets = (
				8DF8835D1A8415B40070D993 /* Ghost Sort */,
				8DF883761A8415B40070D993 /* Ghost SortTests */,
			);
		};
/* End PBXProject section */

/* Begin PBXResourcesBuildPhase section */
		8DF8835C1A8415B40070D993 /* Resources */ = {
			isa = PBXResourcesBuildPhase;
			buildActionMask = 2147483647;
			files = (
				8DF883721A8415B40070D993 /* LaunchScreen.xib in Resources */,
				8DA2EA521A90695400EE6E80 /* gameIntroMusic.wav in Resources */,
				8DF8836F1A8415B40070D993 /* Images.xcassets in Resources */,
				8DA2EA531A90695400EE6E80 /* redGhost.wav in Resources */,
				8DF883661A8415B40070D993 /* GameScene.sks in Resources */,
				8DF8836D1A8415B40070D993 /* Main.storyboard in Resources */,
				8DA2EA511A90695400EE6E80 /* blueGhost.wav in Resources */,
			);
			runOnlyForDeploymentPostprocessing = 0;
		};
		8DF883751A8415B40070D993 /* Resources */ = {
			isa = PBXResourcesBuildPhase;
			buildActionMask = 2147483647;
			files = (
			);
			runOnlyForDeploymentPostprocessing = 0;
		};
/* End PBXResourcesBuildPhase section */

/* Begin PBXSourcesBuildPhase section */
		8DF8835A1A8415B40070D993 /* Sources */ = {
			isa = PBXSourcesBuildPhase;
			buildActionMask = 2147483647;
			files = (
				8DBACCC01A887528005AC970 /* MainMenuViewController.swift in Sources */,
				8DF883681A8415B40070D993 /* GameScene.swift in Sources */,
				8DF8836A1A8415B40070D993 /* GameViewController.swift in Sources */,
				8D2A625A1A8821020031FD2F /* GameLogic.swift in Sources */,
				8DBE6E3A1A8C8A920099F00D /* GameConstants.swift in Sources */,
				8DF883641A8415B40070D993 /* AppDelegate.swift in Sources */,
				8DBACCBC1A8829F8005AC970 /* InstructionsViewController.swift in Sources */,
			);
			runOnlyForDeploymentPostprocessing = 0;
		};
		8DF883731A8415B40070D993 /* Sources */ = {
			isa = PBXSourcesBuildPhase;
			buildActionMask = 2147483647;
			files = (
				8DF8837E1A8415B40070D993 /* Ghost_SortTests.swift in Sources */,
			);
			runOnlyForDeploymentPostprocessing = 0;
		};
/* End PBXSourcesBuildPhase section */

/* Begin PBXTargetDependency section */
		8DF883791A8415B40070D993 /* PBXTargetDependency */ = {
			isa = PBXTargetDependency;
			target = 8DF8835D1A8415B40070D993 /* Ghost Sort */;
			targetProxy = 8DF883781A8415B40070D993 /* PBXContainerItemProxy */;
		};
/* End PBXTargetDependency section */

/* Begin PBXVariantGroup section */
		8DF8836B1A8415B40070D993 /* Main.storyboard */ = {
			isa = PBXVariantGroup;
			children = (
				8DF8836C1A8415B40070D993 /* Base */,
			);
			name = Main.storyboard;
			path = "Ghost Sort";
			sourceTree = "<group>";
		};
		8DF883701A8415B40070D993 /* LaunchScreen.xib */ = {
			isa = PBXVariantGroup;
			children = (
				8DF883711A8415B40070D993 /* Base */,
			);
			name = LaunchScreen.xib;
			sourceTree = "<group>";
		};
/* End PBXVariantGroup section */

/* Begin XCBuildConfiguration section */
		8DF8837F1A8415B40070D993 /* Debug */ = {
			isa = XCBuildConfiguration;
			buildSettings = {
				ALWAYS_SEARCH_USER_PATHS = NO;
				CLANG_CXX_LANGUAGE_STANDARD = "gnu++0x";
				CLANG_CXX_LIBRARY = "libc++";
				CLANG_ENABLE_MODULES = YES;
				CLANG_ENABLE_OBJC_ARC = YES;
				CLANG_WARN_BOOL_CONVERSION = YES;
				CLANG_WARN_CONSTANT_CONVERSION = YES;
				CLANG_WARN_DIRECT_OBJC_ISA_USAGE = YES_ERROR;
				CLANG_WARN_EMPTY_BODY = YES;
				CLANG_WARN_ENUM_CONVERSION = YES;
				CLANG_WARN_INT_CONVERSION = YES;
				CLANG_WARN_OBJC_ROOT_CLASS = YES_ERROR;
				CLANG_WARN_UNREACHABLE_CODE = YES;
				CLANG_WARN__DUPLICATE_METHOD_MATCH = YES;
				"CODE_SIGN_IDENTITY[sdk=iphoneos*]" = "iPhone Developer";
				COPY_PHASE_STRIP = NO;
				ENABLE_STRICT_OBJC_MSGSEND = YES;
				GCC_C_LANGUAGE_STANDARD = gnu99;
				GCC_DYNAMIC_NO_PIC = NO;
				GCC_OPTIMIZATION_LEVEL = 0;
				GCC_PREPROCESSOR_DEFINITIONS = (
					"DEBUG=1",
					"$(inherited)",
				);
				GCC_SYMBOLS_PRIVATE_EXTERN = NO;
				GCC_WARN_64_TO_32_BIT_CONVERSION = YES;
				GCC_WARN_ABOUT_RETURN_TYPE = YES_ERROR;
				GCC_WARN_UNDECLARED_SELECTOR = YES;
				GCC_WARN_UNINITIALIZED_AUTOS = YES_AGGRESSIVE;
				GCC_WARN_UNUSED_FUNCTION = YES;
				GCC_WARN_UNUSED_VARIABLE = YES;
				IPHONEOS_DEPLOYMENT_TARGET = 8.1;
				MTL_ENABLE_DEBUG_INFO = YES;
				ONLY_ACTIVE_ARCH = YES;
				SDKROOT = iphoneos;
				SWIFT_OPTIMIZATION_LEVEL = "-Onone";
				TARGETED_DEVICE_FAMILY = "1,2";
			};
			name = Debug;
		};
		8DF883801A8415B40070D993 /* Release */ = {
			isa = XCBuildConfiguration;
			buildSettings = {
				ALWAYS_SEARCH_USER_PATHS = NO;
				CLANG_CXX_LANGUAGE_STANDARD = "gnu++0x";
				CLANG_CXX_LIBRARY = "libc++";
				CLANG_ENABLE_MODULES = YES;
				CLANG_ENABLE_OBJC_ARC = YES;
				CLANG_WARN_BOOL_CONVERSION = YES;
				CLANG_WARN_CONSTANT_CONVERSION = YES;
				CLANG_WARN_DIRECT_OBJC_ISA_USAGE = YES_ERROR;
				CLANG_WARN_EMPTY_BODY = YES;
				CLANG_WARN_ENUM_CONVERSION = YES;
				CLANG_WARN_INT_CONVERSION = YES;
				CLANG_WARN_OBJC_ROOT_CLASS = YES_ERROR;
				CLANG_WARN_UNREACHABLE_CODE = YES;
				CLANG_WARN__DUPLICATE_METHOD_MATCH = YES;
				"CODE_SIGN_IDENTITY[sdk=iphoneos*]" = "iPhone Developer";
				COPY_PHASE_STRIP = YES;
				ENABLE_NS_ASSERTIONS = NO;
				ENABLE_STRICT_OBJC_MSGSEND = YES;
				GCC_C_LANGUAGE_STANDARD = gnu99;
				GCC_WARN_64_TO_32_BIT_CONVERSION = YES;
				GCC_WARN_ABOUT_RETURN_TYPE = YES_ERROR;
				GCC_WARN_UNDECLARED_SELECTOR = YES;
				GCC_WARN_UNINITIALIZED_AUTOS = YES_AGGRESSIVE;
				GCC_WARN_UNUSED_FUNCTION = YES;
				GCC_WARN_UNUSED_VARIABLE = YES;
				IPHONEOS_DEPLOYMENT_TARGET = 8.1;
				MTL_ENABLE_DEBUG_INFO = NO;
				SDKROOT = iphoneos;
				TARGETED_DEVICE_FAMILY = "1,2";
				VALIDATE_PRODUCT = YES;
			};
			name = Release;
		};
		8DF883821A8415B40070D993 /* Debug */ = {
			isa = XCBuildConfiguration;
			buildSettings = {
				ASSETCATALOG_COMPILER_APPICON_NAME = AppIcon;
				INFOPLIST_FILE = "Ghost Sort/Info.plist";
				LD_RUNPATH_SEARCH_PATHS = "$(inherited) @executable_path/Frameworks";
				PRODUCT_NAME = "$(TARGET_NAME)";
				TARGETED_DEVICE_FAMILY = "1,2";
			};
			name = Debug;
		};
		8DF883831A8415B40070D993 /* Release */ = {
			isa = XCBuildConfiguration;
			buildSettings = {
				ASSETCATALOG_COMPILER_APPICON_NAME = AppIcon;
				INFOPLIST_FILE = "Ghost Sort/Info.plist";
				LD_RUNPATH_SEARCH_PATHS = "$(inherited) @executable_path/Frameworks";
				PRODUCT_NAME = "$(TARGET_NAME)";
				TARGETED_DEVICE_FAMILY = "1,2";
			};
			name = Release;
		};
		8DF883851A8415B40070D993 /* Debug */ = {
			isa = XCBuildConfiguration;
			buildSettings = {
				BUNDLE_LOADER = "$(TEST_HOST)";
				FRAMEWORK_SEARCH_PATHS = (
					"$(SDKROOT)/Developer/Library/Frameworks",
					"$(inherited)",
				);
				GCC_PREPROCESSOR_DEFINITIONS = (
					"DEBUG=1",
					"$(inherited)",
				);
				INFOPLIST_FILE = "Ghost SortTests/Info.plist";
				LD_RUNPATH_SEARCH_PATHS = "$(inherited) @executable_path/Frameworks @loader_path/Frameworks";
				PRODUCT_NAME = "$(TARGET_NAME)";
				TEST_HOST = "$(BUILT_PRODUCTS_DIR)/Ghost Sort.app/Ghost Sort";
			};
			name = Debug;
		};
		8DF883861A8415B40070D993 /* Release */ = {
			isa = XCBuildConfiguration;
			buildSettings = {
				BUNDLE_LOADER = "$(TEST_HOST)";
				FRAMEWORK_SEARCH_PATHS = (
					"$(SDKROOT)/Developer/Library/Frameworks",
					"$(inherited)",
				);
				INFOPLIST_FILE = "Ghost SortTests/Info.plist";
				LD_RUNPATH_SEARCH_PATHS = "$(inherited) @executable_path/Frameworks @loader_path/Frameworks";
				PRODUCT_NAME = "$(TARGET_NAME)";
				TEST_HOST = "$(BUILT_PRODUCTS_DIR)/Ghost Sort.app/Ghost Sort";
			};
			name = Release;
		};
/* End XCBuildConfiguration section */

/* Begin XCConfigurationList section */
		8DF883591A8415B40070D993 /* Build configuration list for PBXProject "Ghost Sort" */ = {
			isa = XCConfigurationList;
			buildConfigurations = (
				8DF8837F1A8415B40070D993 /* Debug */,
				8DF883801A8415B40070D993 /* Release */,
			);
			defaultConfigurationIsVisible = 0;
			defaultConfigurationName = Release;
		};
		8DF883811A8415B40070D993 /* Build configuration list for PBXNativeTarget "Ghost Sort" */ = {
			isa = XCConfigurationList;
			buildConfigurations = (
				8DF883821A8415B40070D993 /* Debug */,
				8DF883831A8415B40070D993 /* Release */,
			);
			defaultConfigurationIsVisible = 0;
			defaultConfigurationName = Release;
		};
		8DF883841A8415B40070D993 /* Build configuration list for PBXNativeTarget "Ghost SortTests" */ = {
			isa = XCConfigurationList;
			buildConfigurations = (
				8DF883851A8415B40070D993 /* Debug */,
				8DF883861A8415B40070D993 /* Release */,
			);
			defaultConfigurationIsVisible = 0;
			defaultConfigurationName = Release;
		};
/* End XCConfigurationList section */
	};
	rootObject = 8DF883561A8415B40070D993 /* Project object */;
}
